
Microsoft Visual Studio Solution File, Format Version 12.00
# Visual Studio Version 17
VisualStudioVersion = 17.1.32407.343
MinimumVisualStudioVersion = 10.0.40219.1
Project("{8BC9CEB8-8B4A-11D0-8D11-00A0C91BC942}") = "RedDeFlujos", "RedDeFlujos.vcxproj", "{126AB577-ED42-4B30-A01F-DCF64B764523}"
EndProject
Global
	GlobalSection(SolutionConfigurationPlatforms) = preSolution
		Debug|x64 = Debug|x64
		Debug|x86 = Debug|x86
		Release|x64 = Release|x64
		Release|x86 = Release|x86
	EndGlobalSection
	GlobalSection(ProjectConfigurationPlatforms) = postSolution
		{126AB577-ED42-4B30-A01F-DCF64B764523}.Debug|x64.ActiveCfg = Debug|x64
		{126AB577-ED42-4B30-A01F-DCF64B764523}.Debug|x64.Build.0 = Debug|x64
		{126AB577-ED42-4B30-A01F-DCF64B764523}.Debug|x86.ActiveCfg = Debug|Win32
		{126AB577-ED42-4B30-A01F-DCF64B764523}.Debug|x86.Build.0 = Debug|Win32
		{126AB577-ED42-4B30-A01F-DCF64B764523}.Release|x64.ActiveCfg = Release|x64
		{126AB577-ED42-4B30-A01F-DCF64B764523}.Release|x64.Build.0 = Release|x64
		{126AB577-ED42-4B30-A01F-DCF64B764523}.Release|x86.ActiveCfg = Release|Win32
		{126AB577-ED42-4B30-A01F-DCF64B764523}.Release|x86.Build.0 = Release|Win32
	EndGlobalSection
	GlobalSection(SolutionProperties) = preSolution
		HideSolutionNode = FALSE
	EndGlobalSection
	GlobalSection(ExtensibilityGlobals) = postSolution
		SolutionGuid = {89045D94-A752-42A6-949D-EB14100313B7}
	EndGlobalSection
EndGlobal
